{
	"name": "archetype-client",
	"version": "0.0.1",
	"lockfileVersion": 1,
	"requires": true,
	"dependencies": {
		"@completium/archetype": {
			"version": "0.3.0",
			"resolved": "https://registry.npmjs.org/@completium/archetype/-/archetype-0.3.0.tgz",
			"integrity": "sha512-ChrVz1/jfH9PU0DRVBVFs/wVhjM2PLpucdhXUiJh1NZgtOEzQGfmZZzDzDfSeyVkXCjASuaoobvRShhONst6Lg=="
		},
		"@types/node": {
			"version": "12.7.12",
			"resolved": "https://registry.npmjs.org/@types/node/-/node-12.7.12.tgz",
			"integrity": "sha512-KPYGmfD0/b1eXurQ59fXD1GBzhSQfz6/lKBxkaHX9dKTzjXbK68Zt7yGUxUsCS1jeTy/8aL+d9JEr+S54mpkWQ==",
			"dev": true
		},
		"@types/vscode": {
			"version": "1.39.0",
			"resolved": "https://registry.npmjs.org/@types/vscode/-/vscode-1.39.0.tgz",
			"integrity": "sha512-rlg0okXDt7NjAyHXbZ2nO1I/VY/8y9w67ltLRrOxXQ46ayvrYZavD4A6zpYrGbs2+ZOEQzcUs+QZOqcVGQIxXQ==",
			"dev": true
		},
		"chownr": {
			"version": "1.1.4",
			"resolved": "https://registry.npmjs.org/chownr/-/chownr-1.1.4.tgz",
			"integrity": "sha512-jJ0bqzaylmJtVnNgzTeSOs8DPavpbYgEr/b0YL8/2GO3xJEhInFmhKMUnEJQjZumK7KXGFhUy89PrsJWlakBVg==",
			"dev": true
		},
		"fs-minipass": {
			"version": "2.1.0",
			"resolved": "https://registry.npmjs.org/fs-minipass/-/fs-minipass-2.1.0.tgz",
			"integrity": "sha512-V/JgOLFCS+R6Vcq0slCuaeWEdNC3ouDlJMNIsacH2VtALiu9mV4LPrHc5cDl8k5aw6J8jwgWWpiTo5RYhmIzvg==",
			"dev": true,
			"requires": {
				"minipass": "^3.0.0"
			}
		},
		"minimist": {
			"version": "1.2.5",
			"resolved": "https://registry.npmjs.org/minimist/-/minimist-1.2.5.tgz",
			"integrity": "sha512-FM9nNUYrRBAELZQT3xeZQ7fmMOBg6nWNmJKTcgsJeaLstP/UODVpGsr5OhXhhXg6f+qtJ8uiZ+PUxkDWcgIXLw==",
			"dev": true
		},
		"minipass": {
			"version": "3.1.3",
			"resolved": "https://registry.npmjs.org/minipass/-/minipass-3.1.3.tgz",
			"integrity": "sha512-Mgd2GdMVzY+x3IJ+oHnVM+KG3lA5c8tnabyJKmHSaG2kAGpudxuOf8ToDkhumF7UzME7DecbQE9uOZhNm7PuJg==",
			"dev": true,
			"requires": {
				"yallist": "^4.0.0"
			}
		},
		"minizlib": {
			"version": "2.1.2",
			"resolved": "https://registry.npmjs.org/minizlib/-/minizlib-2.1.2.tgz",
			"integrity": "sha512-bAxsR8BVfj60DWXHE3u30oHzfl4G7khkSuPW+qvpd7jFRHm7dLxOjUk1EHACJ/hxLY8phGJ0YhYHZo7jil7Qdg==",
			"dev": true,
			"requires": {
				"minipass": "^3.0.0",
				"yallist": "^4.0.0"
			}
		},
		"mkdirp": {
			"version": "0.5.5",
			"resolved": "https://registry.npmjs.org/mkdirp/-/mkdirp-0.5.5.tgz",
			"integrity": "sha512-NKmAlESf6jMGym1++R0Ra7wvhV+wFW63FaSOFPwRahvea0gMUcGUhVeAg/0BC0wiv9ih5NYPB1Wn1UEI1/L+xQ==",
			"dev": true,
			"requires": {
				"minimist": "^1.2.5"
			}
		},
		"tar": {
			"version": "5.0.10",
			"resolved": "https://registry.npmjs.org/tar/-/tar-5.0.10.tgz",
			"integrity": "sha512-DE64epEYvKcBVi7u5jZpnffbiZMzBZIxJtZpXkb96LoQWpDvCPUgRG6lqHW9P5oF866fYuz4XwmpALndo4T/Xw==",
			"dev": true,
			"requires": {
				"chownr": "^1.1.4",
				"fs-minipass": "^2.1.0",
				"minipass": "^3.1.3",
				"minizlib": "^2.1.2",
				"mkdirp": "^0.5.5",
				"yallist": "^4.0.0"
			}
		},
		"vscode-jsonrpc": {
			"version": "4.0.0",
			"resolved": "https://registry.npmjs.org/vscode-jsonrpc/-/vscode-jsonrpc-4.0.0.tgz",
			"integrity": "sha512-perEnXQdQOJMTDFNv+UF3h1Y0z4iSiaN9jIlb0OqIYgosPCZGYh/MCUlkFtV2668PL69lRDO32hmvL2yiidUYg=="
		},
		"vscode-languageclient": {
			"version": "4.4.2",
			"resolved": "https://registry.npmjs.org/vscode-languageclient/-/vscode-languageclient-4.4.2.tgz",
			"integrity": "sha512-9TUzsg1UM6n1UEyPlWbDf7tK1wJAK7UGFRmGDN8sz4KmbbDiVRh6YicaB/5oRSVTpuV47PdJpYlOl3SJ0RiK1Q==",
			"requires": {
				"vscode-languageserver-protocol": "^3.10.3"
			}
		},
		"vscode-languageserver-protocol": {
			"version": "3.14.1",
			"resolved": "https://registry.npmjs.org/vscode-languageserver-protocol/-/vscode-languageserver-protocol-3.14.1.tgz",
			"integrity": "sha512-IL66BLb2g20uIKog5Y2dQ0IiigW0XKrvmWiOvc0yXw80z3tMEzEnHjaGAb3ENuU7MnQqgnYJ1Cl2l9RvNgDi4g==",
			"requires": {
				"vscode-jsonrpc": "^4.0.0",
				"vscode-languageserver-types": "3.14.0"
			}
		},
		"vscode-languageserver-types": {
			"version": "3.14.0",
			"resolved": "https://registry.npmjs.org/vscode-languageserver-types/-/vscode-languageserver-types-3.14.0.tgz",
			"integrity": "sha512-lTmS6AlAlMHOvPQemVwo3CezxBp0sNB95KNPkqp3Nxd5VFEnuG1ByM0zlRWos0zjO3ZWtkvhal0COgiV1xIA4A=="
		},
		"yallist": {
			"version": "4.0.0",
			"resolved": "https://registry.npmjs.org/yallist/-/yallist-4.0.0.tgz",
			"integrity": "sha512-3wdGidZyq5PB084XLES5TpOSRA3wjXAlIWMhum2kRcv/41Sn2emQ0dycQW4uZXLejwKvg6EsvbdlVL+FYEct7A==",
			"dev": true
		}
	}
}
