{
	"name": "archetype-client",
	"version": "0.0.1",
	"lockfileVersion": 2,
	"requires": true,
	"packages": {
		"": {
			"name": "archetype-client",
			"version": "0.0.1",
			"license": "MIT",
			"dependencies": {
				"@completium/archetype": "0.4.7",
				"nth-check": ">=2.0.1",
				"vscode-languageclient": "^4.1.4"
			},
			"devDependencies": {
				"@types/node": "^12.7.2",
				"@types/vscode": "^1.38.0",
				"tar": ">=5.0.10"
			},
			"engines": {
				"vscode": "^1.38.0"
			}
		},
		"node_modules/@completium/archetype": {
			"version": "0.4.7",
			"resolved": "https://registry.npmjs.org/@completium/archetype/-/archetype-0.4.7.tgz",
			"integrity": "sha512-a8nudt//1SyxPoYSqBcnWx42B6rDipIQH9vqU9MmIqXn6qX094CUhw4Ih1H0b+GNCU+tKRrcOmxcwTpaKx10GA=="
		},
		"node_modules/@types/node": {
			"version": "12.7.12",
			"dev": true,
			"license": "MIT"
		},
		"node_modules/@types/vscode": {
			"version": "1.39.0",
			"dev": true,
			"license": "MIT"
		},
		"node_modules/boolbase": {
			"version": "1.0.0",
			"resolved": "https://registry.npmjs.org/boolbase/-/boolbase-1.0.0.tgz",
			"integrity": "sha1-aN/1++YMUes3cl6p4+0xDcwed24="
		},
		"node_modules/chownr": {
			"version": "2.0.0",
			"dev": true,
			"license": "ISC",
			"engines": {
				"node": ">=10"
			}
		},
		"node_modules/fs-minipass": {
			"version": "2.1.0",
			"dev": true,
			"license": "ISC",
			"dependencies": {
				"minipass": "^3.0.0"
			},
			"engines": {
				"node": ">= 8"
			}
		},
		"node_modules/minipass": {
			"version": "3.1.3",
			"dev": true,
			"license": "ISC",
			"dependencies": {
				"yallist": "^4.0.0"
			},
			"engines": {
				"node": ">=8"
			}
		},
		"node_modules/minizlib": {
			"version": "2.1.2",
			"dev": true,
			"license": "MIT",
			"dependencies": {
				"minipass": "^3.0.0",
				"yallist": "^4.0.0"
			},
			"engines": {
				"node": ">= 8"
			}
		},
		"node_modules/mkdirp": {
			"version": "1.0.4",
			"dev": true,
			"license": "MIT",
			"bin": {
				"mkdirp": "bin/cmd.js"
			},
			"engines": {
				"node": ">=10"
			}
		},
		"node_modules/nth-check": {
			"version": "2.0.1",
			"resolved": "https://registry.npmjs.org/nth-check/-/nth-check-2.0.1.tgz",
			"integrity": "sha512-it1vE95zF6dTT9lBsYbxvqh0Soy4SPowchj0UBGj/V6cTPnXXtQOPUbhZ6CmGzAD/rW22LQK6E96pcdJXk4A4w==",
			"dependencies": {
				"boolbase": "^1.0.0"
			},
			"funding": {
				"url": "https://github.com/fb55/nth-check?sponsor=1"
			}
		},
		"node_modules/tar": {
			"version": "6.1.11",
			"dev": true,
			"license": "ISC",
			"dependencies": {
				"chownr": "^2.0.0",
				"fs-minipass": "^2.0.0",
				"minipass": "^3.0.0",
				"minizlib": "^2.1.1",
				"mkdirp": "^1.0.3",
				"yallist": "^4.0.0"
			},
			"engines": {
				"node": ">= 10"
			}
		},
		"node_modules/vscode-jsonrpc": {
			"version": "4.0.0",
			"license": "MIT",
			"engines": {
				"node": ">=8.0.0 || >=10.0.0"
			}
		},
		"node_modules/vscode-languageclient": {
			"version": "4.4.2",
			"license": "MIT",
			"dependencies": {
				"vscode-languageserver-protocol": "^3.10.3"
			},
			"engines": {
				"vscode": "^1.25"
			}
		},
		"node_modules/vscode-languageserver-protocol": {
			"version": "3.14.1",
			"license": "MIT",
			"dependencies": {
				"vscode-jsonrpc": "^4.0.0",
				"vscode-languageserver-types": "3.14.0"
			}
		},
		"node_modules/vscode-languageserver-types": {
			"version": "3.14.0",
			"license": "MIT"
		},
		"node_modules/yallist": {
			"version": "4.0.0",
			"dev": true,
			"license": "ISC"
		}
	},
	"dependencies": {
		"@completium/archetype": {
			"version": "0.4.7",
			"resolved": "https://registry.npmjs.org/@completium/archetype/-/archetype-0.4.7.tgz",
			"integrity": "sha512-a8nudt//1SyxPoYSqBcnWx42B6rDipIQH9vqU9MmIqXn6qX094CUhw4Ih1H0b+GNCU+tKRrcOmxcwTpaKx10GA=="
		},
		"@types/node": {
			"version": "12.7.12",
			"dev": true
		},
		"@types/vscode": {
			"version": "1.39.0",
			"dev": true
		},
		"boolbase": {
			"version": "1.0.0",
			"resolved": "https://registry.npmjs.org/boolbase/-/boolbase-1.0.0.tgz",
			"integrity": "sha1-aN/1++YMUes3cl6p4+0xDcwed24="
		},
		"chownr": {
			"version": "2.0.0",
			"dev": true
		},
		"fs-minipass": {
			"version": "2.1.0",
			"dev": true,
			"requires": {
				"minipass": "^3.0.0"
			}
		},
		"minipass": {
			"version": "3.1.3",
			"dev": true,
			"requires": {
				"yallist": "^4.0.0"
			}
		},
		"minizlib": {
			"version": "2.1.2",
			"dev": true,
			"requires": {
				"minipass": "^3.0.0",
				"yallist": "^4.0.0"
			}
		},
		"mkdirp": {
			"version": "1.0.4",
			"dev": true
		},
		"nth-check": {
			"version": "2.0.1",
			"resolved": "https://registry.npmjs.org/nth-check/-/nth-check-2.0.1.tgz",
			"integrity": "sha512-it1vE95zF6dTT9lBsYbxvqh0Soy4SPowchj0UBGj/V6cTPnXXtQOPUbhZ6CmGzAD/rW22LQK6E96pcdJXk4A4w==",
			"requires": {
				"boolbase": "^1.0.0"
			}
		},
		"tar": {
			"version": "6.1.11",
			"dev": true,
			"requires": {
				"chownr": "^2.0.0",
				"fs-minipass": "^2.0.0",
				"minipass": "^3.0.0",
				"minizlib": "^2.1.1",
				"mkdirp": "^1.0.3",
				"yallist": "^4.0.0"
			}
		},
		"vscode-jsonrpc": {
			"version": "4.0.0"
		},
		"vscode-languageclient": {
			"version": "4.4.2",
			"requires": {
				"vscode-languageserver-protocol": "^3.10.3"
			}
		},
		"vscode-languageserver-protocol": {
			"version": "3.14.1",
			"requires": {
				"vscode-jsonrpc": "^4.0.0",
				"vscode-languageserver-types": "3.14.0"
			}
		},
		"vscode-languageserver-types": {
			"version": "3.14.0"
		},
		"yallist": {
			"version": "4.0.0",
			"dev": true
		}
	}
}
